{
  "name": "sc-lottery",
  "lockfileVersion": 2,
  "requires": true,
  "packages": {
    "": {
      "dependencies": {
        "@chainlink/contracts": "^0.3.1",
        "node": "^17.4.0"
      }
    },
    "node_modules/@chainlink/contracts": {
      "version": "0.3.1",
      "resolved": "https://registry.npmjs.org/@chainlink/contracts/-/contracts-0.3.1.tgz",
      "integrity": "sha512-A8DRvmfNCwLS1iduPPj7wNAZJMe9/ZimMhoHhbbBiq+7Vq/HFjiNcdoQ5NinFdXD5aTsoNUGG5pAYKj7YMpm9A==",
      "license": "MIT"
    },
    "node_modules/node": {
      "version": "17.4.0",
      "resolved": "https://registry.npmjs.org/node/-/node-17.4.0.tgz",
      "integrity": "sha512-/kPlbyQjDJa9NEOPmKSTmHOxgq+7wAMWNdU+8B9cXseQXTaF3xYAiYc9dCh3fDUxnrLR/DIqiYEQ85ICqSya8A==",
      "hasInstallScript": true,
      "dependencies": {
        "node-bin-setup": "^1.0.0"
      },
      "bin": {
        "node": "bin/node"
      },
      "engines": {
        "npm": ">=5.0.0"
      }
    },
    "node_modules/node-bin-setup": {
      "version": "1.1.0",
      "resolved": "https://registry.npmjs.org/node-bin-setup/-/node-bin-setup-1.1.0.tgz",
      "integrity": "sha512-pTeU6NgUrexiLNtd+AKwvg6cngHMvj5FZ5e2bbv2ogBSIc9yhkXSSaTScfSRZnwHIh5YFmYSYlemLWkiKD7rog=="
    }
  },
  "dependencies": {
    "@chainlink/contracts": {
      "version": "0.3.1",
      "resolved": "https://registry.npmjs.org/@chainlink/contracts/-/contracts-0.3.1.tgz",
      "integrity": "sha512-A8DRvmfNCwLS1iduPPj7wNAZJMe9/ZimMhoHhbbBiq+7Vq/HFjiNcdoQ5NinFdXD5aTsoNUGG5pAYKj7YMpm9A=="
    },
    "node": {
      "version": "17.4.0",
      "resolved": "https://registry.npmjs.org/node/-/node-17.4.0.tgz",
      "integrity": "sha512-/kPlbyQjDJa9NEOPmKSTmHOxgq+7wAMWNdU+8B9cXseQXTaF3xYAiYc9dCh3fDUxnrLR/DIqiYEQ85ICqSya8A==",
      "requires": {
        "node-bin-setup": "^1.0.0"
      }
    },
    "node-bin-setup": {
      "version": "1.1.0",
      "resolved": "https://registry.npmjs.org/node-bin-setup/-/node-bin-setup-1.1.0.tgz",
      "integrity": "sha512-pTeU6NgUrexiLNtd+AKwvg6cngHMvj5FZ5e2bbv2ogBSIc9yhkXSSaTScfSRZnwHIh5YFmYSYlemLWkiKD7rog=="
    }
  }
}
